
Microsoft Visual Studio Solution File, Format Version 12.00
# Visual Studio Version 16
VisualStudioVersion = 16.0.31424.327
MinimumVisualStudioVersion = 10.0.40219.1
Project("{FAE04EC0-301F-11D3-BF4B-00C04F79EFBC}") = "Kvaser Connect WPF", "Kvaser Connect WPF\Kvaser Connect WPF.csproj", "{91F9EA88-8655-4B0D-9B72-15333ECCE20C}"
EndProject
Global
	GlobalSection(SolutionConfigurationPlatforms) = preSolution
		Debug|Any CPU = Debug|Any CPU
		Release|Any CPU = Release|Any CPU
	EndGlobalSection
	GlobalSection(ProjectConfigurationPlatforms) = postSolution
		{91F9EA88-8655-4B0D-9B72-15333ECCE20C}.Debug|Any CPU.ActiveCfg = Debug|Any CPU
		{91F9EA88-8655-4B0D-9B72-15333ECCE20C}.Debug|Any CPU.Build.0 = Debug|Any CPU
		{91F9EA88-8655-4B0D-9B72-15333ECCE20C}.Release|Any CPU.ActiveCfg = Release|Any CPU
		{91F9EA88-8655-4B0D-9B72-15333ECCE20C}.Release|Any CPU.Build.0 = Release|Any CPU
	EndGlobalSection
	GlobalSection(SolutionProperties) = preSolution
		HideSolutionNode = FALSE
	EndGlobalSection
	GlobalSection(ExtensibilityGlobals) = postSolution
		SolutionGuid = {4994287B-3A03-4CAC-B0EA-A1CFDFDC4B49}
	EndGlobalSection
EndGlobal
